
Microsoft Visual Studio Solution File, Format Version 12.00
# Visual Studio Version 17
VisualStudioVersion = 17.8.34525.116
MinimumVisualStudioVersion = 10.0.40219.1
Project("{FAE04EC0-301F-11D3-BF4B-00C04F79EFBC}") = "MusicLibraryWebAPI", "MusicLibraryWebAPI\MusicLibraryWebAPI.csproj", "{3A4D0BEE-7363-4E29-894B-072ADEC80FF1}"
EndProject
Global
	GlobalSection(SolutionConfigurationPlatforms) = preSolution
		Debug|Any CPU = Debug|Any CPU
		Release|Any CPU = Release|Any CPU
	EndGlobalSection
	GlobalSection(ProjectConfigurationPlatforms) = postSolution
		{3A4D0BEE-7363-4E29-894B-072ADEC80FF1}.Debug|Any CPU.ActiveCfg = Debug|Any CPU
		{3A4D0BEE-7363-4E29-894B-072ADEC80FF1}.Debug|Any CPU.Build.0 = Debug|Any CPU
		{3A4D0BEE-7363-4E29-894B-072ADEC80FF1}.Release|Any CPU.ActiveCfg = Release|Any CPU
		{3A4D0BEE-7363-4E29-894B-072ADEC80FF1}.Release|Any CPU.Build.0 = Release|Any CPU
	EndGlobalSection
	GlobalSection(SolutionProperties) = preSolution
		HideSolutionNode = FALSE
	EndGlobalSection
	GlobalSection(ExtensibilityGlobals) = postSolution
		SolutionGuid = {FD0A726E-A84C-4125-BDD3-EE9CACEEE5DB}
	EndGlobalSection
EndGlobal
